
Microsoft Visual Studio Solution File, Format Version 12.00
# Visual Studio 15
VisualStudioVersion = 15.0.27130.2036
MinimumVisualStudioVersion = 10.0.40219.1
Project("{FAE04EC0-301F-11D3-BF4B-00C04F79EFBC}") = "BattleList", "BattleList\BattleList.csproj", "{56F2A2B4-F75D-4B6E-8476-E44023E23A2F}"
EndProject
Global
	GlobalSection(SolutionConfigurationPlatforms) = preSolution
		Debug|Any CPU = Debug|Any CPU
		Release|Any CPU = Release|Any CPU
	EndGlobalSection
	GlobalSection(ProjectConfigurationPlatforms) = postSolution
		{56F2A2B4-F75D-4B6E-8476-E44023E23A2F}.Debug|Any CPU.ActiveCfg = Debug|Any CPU
		{56F2A2B4-F75D-4B6E-8476-E44023E23A2F}.Debug|Any CPU.Build.0 = Debug|Any CPU
		{56F2A2B4-F75D-4B6E-8476-E44023E23A2F}.Release|Any CPU.ActiveCfg = Release|Any CPU
		{56F2A2B4-F75D-4B6E-8476-E44023E23A2F}.Release|Any CPU.Build.0 = Release|Any CPU
	EndGlobalSection
	GlobalSection(SolutionProperties) = preSolution
		HideSolutionNode = FALSE
	EndGlobalSection
	GlobalSection(ExtensibilityGlobals) = postSolution
		SolutionGuid = {34CEC49B-F18A-4EF6-8CCE-DE731C4F0D11}
	EndGlobalSection
EndGlobal
